
Microsoft Visual Studio Solution File, Format Version 12.00
# Visual Studio Version 17
VisualStudioVersion = 17.14.36212.18
MinimumVisualStudioVersion = 10.0.40219.1
Project("{FAE04EC0-301F-11D3-BF4B-00C04F79EFBC}") = "Ombor.TelegramBot", "Ombor.TelegramBot.csproj", "{9E39FD4F-0F20-4783-BF47-46691254B764}"
EndProject
Project("{FAE04EC0-301F-11D3-BF4B-00C04F79EFBC}") = "Ombor.TelegramBot.Application", "..\Ombor.TelegramBot.Application\Ombor.TelegramBot.Application.csproj", "{C6E181B1-12B2-444B-B0CA-369E20BC19B0}"
EndProject
Project("{FAE04EC0-301F-11D3-BF4B-00C04F79EFBC}") = "Ombor.TelegramBot.Domain", "..\Ombor.TelegramBot.Domain\Ombor.TelegramBot.Domain.csproj", "{2EFDD092-D1E4-4D63-9A32-988B49916F5D}"
EndProject
Global
	GlobalSection(SolutionConfigurationPlatforms) = preSolution
		Debug|Any CPU = Debug|Any CPU
		Release|Any CPU = Release|Any CPU
	EndGlobalSection
	GlobalSection(ProjectConfigurationPlatforms) = postSolution
		{9E39FD4F-0F20-4783-BF47-46691254B764}.Debug|Any CPU.ActiveCfg = Debug|Any CPU
		{9E39FD4F-0F20-4783-BF47-46691254B764}.Debug|Any CPU.Build.0 = Debug|Any CPU
		{9E39FD4F-0F20-4783-BF47-46691254B764}.Release|Any CPU.ActiveCfg = Release|Any CPU
		{9E39FD4F-0F20-4783-BF47-46691254B764}.Release|Any CPU.Build.0 = Release|Any CPU
		{C6E181B1-12B2-444B-B0CA-369E20BC19B0}.Debug|Any CPU.ActiveCfg = Debug|Any CPU
		{C6E181B1-12B2-444B-B0CA-369E20BC19B0}.Debug|Any CPU.Build.0 = Debug|Any CPU
		{C6E181B1-12B2-444B-B0CA-369E20BC19B0}.Release|Any CPU.ActiveCfg = Release|Any CPU
		{C6E181B1-12B2-444B-B0CA-369E20BC19B0}.Release|Any CPU.Build.0 = Release|Any CPU
		{2EFDD092-D1E4-4D63-9A32-988B49916F5D}.Debug|Any CPU.ActiveCfg = Debug|Any CPU
		{2EFDD092-D1E4-4D63-9A32-988B49916F5D}.Debug|Any CPU.Build.0 = Debug|Any CPU
		{2EFDD092-D1E4-4D63-9A32-988B49916F5D}.Release|Any CPU.ActiveCfg = Release|Any CPU
		{2EFDD092-D1E4-4D63-9A32-988B49916F5D}.Release|Any CPU.Build.0 = Release|Any CPU
	EndGlobalSection
	GlobalSection(SolutionProperties) = preSolution
		HideSolutionNode = FALSE
	EndGlobalSection
	GlobalSection(ExtensibilityGlobals) = postSolution
		SolutionGuid = {52B796C5-F725-4DD0-B523-AB3D97433F5A}
	EndGlobalSection
EndGlobal
